
Microsoft Visual Studio Solution File, Format Version 12.00
# Visual Studio Version 17
VisualStudioVersion = 17.4.33205.214
MinimumVisualStudioVersion = 10.0.40219.1
Project("{FAE04EC0-301F-11D3-BF4B-00C04F79EFBC}") = "Practical-7", "Practical-7\Practical-7.csproj", "{F093A414-4B60-40B2-89F5-8E16EE1074DA}"
EndProject
Global
	GlobalSection(SolutionConfigurationPlatforms) = preSolution
		Debug|Any CPU = Debug|Any CPU
		Release|Any CPU = Release|Any CPU
	EndGlobalSection
	GlobalSection(ProjectConfigurationPlatforms) = postSolution
		{F093A414-4B60-40B2-89F5-8E16EE1074DA}.Debug|Any CPU.ActiveCfg = Debug|Any CPU
		{F093A414-4B60-40B2-89F5-8E16EE1074DA}.Debug|Any CPU.Build.0 = Debug|Any CPU
		{F093A414-4B60-40B2-89F5-8E16EE1074DA}.Release|Any CPU.ActiveCfg = Release|Any CPU
		{F093A414-4B60-40B2-89F5-8E16EE1074DA}.Release|Any CPU.Build.0 = Release|Any CPU
	EndGlobalSection
	GlobalSection(SolutionProperties) = preSolution
		HideSolutionNode = FALSE
	EndGlobalSection
	GlobalSection(ExtensibilityGlobals) = postSolution
		SolutionGuid = {2BEBF05B-6CC2-41D2-B891-D3FEEEF1E8D1}
	EndGlobalSection
EndGlobal
