
Microsoft Visual Studio Solution File, Format Version 12.00
# Visual Studio Version 17
VisualStudioVersion = 17.4.33205.214
MinimumVisualStudioVersion = 10.0.40219.1
Project("{9A19103F-16F7-4668-BE54-9A1E7A4F7556}") = "Practical-1", "Calculator\Practical-1.csproj", "{BDA40EF1-4862-47C7-AB3D-4BF24CFC7E69}"
EndProject
Project("{9A19103F-16F7-4668-BE54-9A1E7A4F7556}") = "DebuggingApplication", "DebuggingApplication\DebuggingApplication.csproj", "{9BD33B25-D31F-477C-ABA6-92E020FCE6CA}"
EndProject
Global
	GlobalSection(SolutionConfigurationPlatforms) = preSolution
		Debug|Any CPU = Debug|Any CPU
		Release|Any CPU = Release|Any CPU
	EndGlobalSection
	GlobalSection(ProjectConfigurationPlatforms) = postSolution
		{BDA40EF1-4862-47C7-AB3D-4BF24CFC7E69}.Debug|Any CPU.ActiveCfg = Debug|Any CPU
		{BDA40EF1-4862-47C7-AB3D-4BF24CFC7E69}.Debug|Any CPU.Build.0 = Debug|Any CPU
		{BDA40EF1-4862-47C7-AB3D-4BF24CFC7E69}.Release|Any CPU.ActiveCfg = Release|Any CPU
		{BDA40EF1-4862-47C7-AB3D-4BF24CFC7E69}.Release|Any CPU.Build.0 = Release|Any CPU
		{9BD33B25-D31F-477C-ABA6-92E020FCE6CA}.Debug|Any CPU.ActiveCfg = Debug|Any CPU
		{9BD33B25-D31F-477C-ABA6-92E020FCE6CA}.Debug|Any CPU.Build.0 = Debug|Any CPU
		{9BD33B25-D31F-477C-ABA6-92E020FCE6CA}.Release|Any CPU.ActiveCfg = Release|Any CPU
		{9BD33B25-D31F-477C-ABA6-92E020FCE6CA}.Release|Any CPU.Build.0 = Release|Any CPU
	EndGlobalSection
	GlobalSection(SolutionProperties) = preSolution
		HideSolutionNode = FALSE
	EndGlobalSection
	GlobalSection(ExtensibilityGlobals) = postSolution
		SolutionGuid = {271BC0B1-319A-48CE-8434-3C904D270C3D}
	EndGlobalSection
EndGlobal
